{
  "version": "5",
  "specifiers": {
    "jsr:@std/assert@^1.0.13": "1.0.19",
    "jsr:@std/cli@^1.0.32": "1.0.32",
    "jsr:@std/encoding@^1.0.11": "1.0.11",
    "jsr:@std/fmt@^1.0.10": "1.0.10",
    "jsr:@std/front-matter@^1.0.9": "1.0.9",
    "jsr:@std/fs@^1.0.19": "1.0.24",
    "jsr:@std/fs@^1.0.24": "1.0.24",
    "jsr:@std/html@^1.0.7": "1.0.7",
    "jsr:@std/http@^1.0.13": "1.1.3",
    "jsr:@std/internal@^1.0.12": "1.0.14",
    "jsr:@std/internal@^1.0.14": "1.0.14",
    "jsr:@std/media-types@^1.1.0": "1.1.0",
    "jsr:@std/net@^1.0.6": "1.0.6",
    "jsr:@std/path@^1.1.0": "1.1.6",
    "jsr:@std/path@^1.1.5": "1.1.6",
    "jsr:@std/path@^1.1.6": "1.1.6",
    "jsr:@std/streams@^1.1.2": "1.1.2",
    "jsr:@std/yaml@^1.0.5": "1.2.0",
    "jsr:@std/yaml@^1.0.9": "1.2.0",
    "npm:@types/markdown-it@14.1.2": "14.1.2",
    "npm:markdown-it@14.1.0": "14.1.0",
    "npm:playwright@*": "1.63.0",
    "npm:playwright@1.63.0": "1.63.0"
  },
  "jsr": {
    "@std/assert@1.0.19": {
      "integrity": "eaada96ee120cb980bc47e040f82814d786fe8162ecc53c91d8df60b8755991e",
      "dependencies": [
        "jsr:@std/internal@^1.0.12"
      ]
    },
    "@std/cli@1.0.32": {
      "integrity": "188b3a100d6202d64e3f5bd3d799c7fa4f6d77f92cc65eb7f641c1fa0aa92a66"
    },
    "@std/encoding@1.0.11": {
      "integrity": "e7cef2f0b3153bccc17431e7c864a1de03a4b6d9647389c43e08aaa775d37385"
    },
    "@std/fmt@1.0.10": {
      "integrity": "90dfba288802ac6de82fb31d0917eb9e4450b9925b954d5e51fc29ac07419db5"
    },
    "@std/front-matter@1.0.9": {
      "integrity": "ee6201d06674cbef137dda2252f62477450b48249e7d8d9ab57a30f85ff6f051",
      "dependencies": [
        "jsr:@std/yaml@^1.0.5"
      ]
    },
    "@std/fs@1.0.24": {
      "integrity": "f3061b45b81673a2bece689da041df32d174be064c89eb6397fb5718d3fb7877",
      "dependencies": [
        "jsr:@std/internal@^1.0.14",
        "jsr:@std/path@^1.1.5"
      ]
    },
    "@std/html@1.0.7": {
      "integrity": "175c818905a6e75743c69c251395e273d82698e58cfe7dd76268d70e28b8d8fe"
    },
    "@std/http@1.1.3": {
      "integrity": "73a98e05ff58aa18bea562d286172e6c815b1eddd4fcab194beda19e3683b88c",
      "dependencies": [
        "jsr:@std/cli",
        "jsr:@std/encoding",
        "jsr:@std/fmt",
        "jsr:@std/fs@^1.0.24",
        "jsr:@std/html",
        "jsr:@std/media-types",
        "jsr:@std/net",
        "jsr:@std/path@^1.1.6",
        "jsr:@std/streams"
      ]
    },
    "@std/internal@1.0.14": {
      "integrity": "291516b3d4c35024d6ffbc0a9df5bf4c64116e05b50012cf846710152d2ffdf7"
    },
    "@std/media-types@1.1.0": {
      "integrity": "c9d093f0c05c3512932b330e3cc1fe1d627b301db33a4c2c2185c02471d6eaa4"
    },
    "@std/net@1.0.6": {
      "integrity": "110735f93e95bb9feb95790a8b1d1bf69ec0dc74f3f97a00a76ea5efea25500c"
    },
    "@std/path@1.1.6": {
      "integrity": "c68485c2a4dfbb5ae3cc74fae4e8c4e5d874cf8a8ed12927917235c758b46cbe",
      "dependencies": [
        "jsr:@std/internal@^1.0.14"
      ]
    },
    "@std/streams@1.1.2": {
      "integrity": "0249bf9b78a999f57032ca4d8e7ccaa57579090242640b35ddc948fbb745d3af"
    },
    "@std/yaml@1.2.0": {
      "integrity": "20beb41e4983ba3437dbefac62b14061ab058e8a187596f19d28ff9035f6e6cf"
    }
  },
  "npm": {
    "@types/linkify-it@5.0.0": {
      "integrity": "sha512-sVDA58zAw4eWAffKOaQH5/5j3XeayukzDk+ewSsnv3p4yJEZHCCzMDiZM8e0OUrRvmpGZ85jf4yDHkHsgBNr9Q=="
    },
    "@types/markdown-it@14.1.2": {
      "integrity": "sha512-promo4eFwuiW+TfGxhi+0x3czqTYJkG8qB17ZUJiVF10Xm7NLVRSLUsfRTU/6h1e24VvRnXCx+hG7li58lkzog==",
      "dependencies": [
        "@types/linkify-it",
        "@types/mdurl"
      ]
    },
    "@types/mdurl@2.0.0": {
      "integrity": "sha512-RGdgjQUZba5p6QEFAVx2OGb8rQDL/cPRG7GiedRzMcJ1tYnUANBncjbSB1NRGwbvjcPeikRABz2nshyPk1bhWg=="
    },
    "argparse@2.0.1": {
      "integrity": "sha512-8+9WqebbFzpX9OR+Wa6O29asIogeRMzcGtAINdpMHHyAg10f05aSFVBbcEqGf/PXw1EjAZ+q2/bEBg3DvurK3Q=="
    },
    "entities@4.5.0": {
      "integrity": "sha512-V0hjH4dGPh9Ao5p0MoRY6BVqtwCjhz6vI5LT8AJ55H+4g9/4vbHx1I54fS0XuclLhDHArPQCiMjDxjaL8fPxhw=="
    },
    "linkify-it@5.0.2": {
      "integrity": "sha512-ONTm2jCMAVZjgQa/Fy1kScXsuOoF5NPTsoFBdE1KVIZ2vAh/r9+Bqo+0jINCBYnavTPQZz38QzFTme79ENoN3Q==",
      "dependencies": [
        "uc.micro"
      ]
    },
    "markdown-it@14.1.0": {
      "integrity": "sha512-a54IwgWPaeBCAAsv13YgmALOF1elABB08FxO9i+r4VFk5Vl4pKokRPeX8u5TCgSsPi6ec1otfLjdOpVcgbpshg==",
      "dependencies": [
        "argparse",
        "entities",
        "linkify-it",
        "mdurl",
        "punycode.js",
        "uc.micro"
      ],
      "bin": true
    },
    "mdurl@2.1.0": {
      "integrity": "sha512-1+HBaOx0zi/dQWht8rNv9MYf9qqpqL/kxI0hXImU6Y547zM6Sni8BQibt7ifgMcYtQg41ao3Ivd6cnSM86inpg=="
    },
    "playwright-core@1.63.0": {
      "integrity": "sha512-rYCsBF/M5HjUch52bbtVONEFjv6Xu8sm8h72dNlR5bzIE1fvC/bxgspzkjSfU+MweEMmPM8KJebG6nnyxo5mCg==",
      "bin": true
    },
    "playwright@1.63.0": {
      "integrity": "sha512-+7ziBLidS4NaNCdt57SUDT+wYmmd5fmiQejUic/kb+YsYSCPyOOE9sebzMjNmQrsnNpDJqd4WHvV/8lfKfUDUg==",
      "dependencies": [
        "playwright-core"
      ],
      "bin": true
    },
    "punycode.js@2.3.1": {
      "integrity": "sha512-uxFIHU0YlHYhDQtV4R9J6a52SLx28BCjT+4ieh7IGbgwVJWO+km431c4yRlREUAsAmt/uMjQUyQHNEPf0M39CA=="
    },
    "uc.micro@2.1.0": {
      "integrity": "sha512-ARDJmphmdvUk6Glw7y9DQ2bFkKBHwQHLi2lsaH6PPmz/Ka9sFOBsBluozhDltWmnv9u/cF6Rt87znRTPV+yp/A=="
    }
  },
  "workspace": {
    "dependencies": [
      "jsr:@std/assert@^1.0.13",
      "jsr:@std/front-matter@^1.0.9",
      "jsr:@std/fs@^1.0.19",
      "jsr:@std/http@^1.0.13",
      "jsr:@std/path@^1.1.0",
      "jsr:@std/yaml@^1.0.9",
      "npm:@types/markdown-it@14.1.2",
      "npm:markdown-it@14.1.0",
      "npm:playwright@1.63.0"
    ]
  }
}
